
Microsoft Visual Studio Solution File, Format Version 12.00
# Visual Studio 15
VisualStudioVersion = 15.0.27130.2027
MinimumVisualStudioVersion = 10.0.40219.1
Project("{FAE04EC0-301F-11D3-BF4B-00C04F79EFBC}") = "Faucet.Web", "Faucet.Web\Faucet.Web.csproj", "{45B350DC-3957-4537-9BB3-A29773A71F43}"
EndProject
Global
	GlobalSection(SolutionConfigurationPlatforms) = preSolution
		Debug|Any CPU = Debug|Any CPU
		Release|Any CPU = Release|Any CPU
	EndGlobalSection
	GlobalSection(ProjectConfigurationPlatforms) = postSolution
		{45B350DC-3957-4537-9BB3-A29773A71F43}.Debug|Any CPU.ActiveCfg = Debug|Any CPU
		{45B350DC-3957-4537-9BB3-A29773A71F43}.Debug|Any CPU.Build.0 = Debug|Any CPU
		{45B350DC-3957-4537-9BB3-A29773A71F43}.Release|Any CPU.ActiveCfg = Release|Any CPU
		{45B350DC-3957-4537-9BB3-A29773A71F43}.Release|Any CPU.Build.0 = Release|Any CPU
	EndGlobalSection
	GlobalSection(SolutionProperties) = preSolution
		HideSolutionNode = FALSE
	EndGlobalSection
	GlobalSection(ExtensibilityGlobals) = postSolution
		SolutionGuid = {1C5F82DD-81CA-4A22-979F-1406B66DAC38}
	EndGlobalSection
EndGlobal
